// !$*UTF8*$!
{
	archiveVersion = 1;
	classes = {
	};
	objectVersion = 46;
	objects = {

/* Begin PBXBuildFile section */
		494677AA1AA83C07003421F0 /* MapKit.framework in Frameworks */ = {isa = PBXBuildFile; fileRef = 494677A91AA83C07003421F0 /* MapKit.framework */; };
		494677B01AA84A70003421F0 /* green.png in Resources */ = {isa = PBXBuildFile; fileRef = 494677AC1AA84A70003421F0 /* green.png */; };
		494677B11AA84A70003421F0 /* orange.png in Resources */ = {isa = PBXBuildFile; fileRef = 494677AD1AA84A70003421F0 /* orange.png */; };
		494677B21AA84A70003421F0 /* Red.png in Resources */ = {isa = PBXBuildFile; fileRef = 494677AE1AA84A70003421F0 /* Red.png */; };
		494677B31AA84A70003421F0 /* yellow.png in Resources */ = {isa = PBXBuildFile; fileRef = 494677AF1AA84A70003421F0 /* yellow.png */; };
		494677B61AA84BEF003421F0 /* EarthQuakeSummaryMapViewController.m in Sources */ = {isa = PBXBuildFile; fileRef = 494677B51AA84BEF003421F0 /* EarthQuakeSummaryMapViewController.m */; };
		49AA1E201AA7939F006282DC /* main.m in Sources */ = {isa = PBXBuildFile; fileRef = 49AA1E1F1AA7939F006282DC /* main.m */; };
		49AA1E231AA7939F006282DC /* AppDelegate.m in Sources */ = {isa = PBXBuildFile; fileRef = 49AA1E221AA7939F006282DC /* AppDelegate.m */; };
		49AA1E291AA7939F006282DC /* Main.storyboard in Resources */ = {isa = PBXBuildFile; fileRef = 49AA1E271AA7939F006282DC /* Main.storyboard */; };
		49AA1E2B1AA7939F006282DC /* Images.xcassets in Resources */ = {isa = PBXBuildFile; fileRef = 49AA1E2A1AA7939F006282DC /* Images.xcassets */; };
		49AA1E2E1AA7939F006282DC /* LaunchScreen.xib in Resources */ = {isa = PBXBuildFile; fileRef = 49AA1E2C1AA7939F006282DC /* LaunchScreen.xib */; };
		49AA1E3A1AA7939F006282DC /* earthquakeMonitorTests.m in Sources */ = {isa = PBXBuildFile; fileRef = 49AA1E391AA7939F006282DC /* earthquakeMonitorTests.m */; };
		49AA1E461AA797EC006282DC /* EarthquakeCell.m in Sources */ = {isa = PBXBuildFile; fileRef = 49AA1E451AA797EC006282DC /* EarthquakeCell.m */; };
		49AA1E491AA79930006282DC /* Eartquake.m in Sources */ = {isa = PBXBuildFile; fileRef = 49AA1E481AA79930006282DC /* Eartquake.m */; };
		49AA1E4C1AA7A6D7006282DC /* EarthquakeTableViewController.m in Sources */ = {isa = PBXBuildFile; fileRef = 49AA1E4B1AA7A6D7006282DC /* EarthquakeTableViewController.m */; };
		49CD01FF1AA82732001F3D8B /* EarthquakeDetailViewController.m in Sources */ = {isa = PBXBuildFile; fileRef = 49CD01FE1AA82732001F3D8B /* EarthquakeDetailViewController.m */; };
/* End PBXBuildFile section */

/* Begin PBXContainerItemProxy section */
		49AA1E341AA7939F006282DC /* PBXContainerItemProxy */ = {
			isa = PBXContainerItemProxy;
			containerPortal = 49AA1E121AA7939F006282DC /* Project object */;
			proxyType = 1;
			remoteGlobalIDString = 49AA1E191AA7939F006282DC;
			remoteInfo = earthquakeMonitor;
		};
/* End PBXContainerItemProxy section */

/* Begin PBXFileReference section */
		494677A91AA83C07003421F0 /* MapKit.framework */ = {isa = PBXFileReference; lastKnownFileType = wrapper.framework; name = MapKit.framework; path = System/Library/Frameworks/MapKit.framework; sourceTree = SDKROOT; };
		494677AC1AA84A70003421F0 /* green.png */ = {isa = PBXFileReference; lastKnownFileType = image.png; path = green.png; sourceTree = "<group>"; };
		494677AD1AA84A70003421F0 /* orange.png */ = {isa = PBXFileReference; lastKnownFileType = image.png; path = orange.png; sourceTree = "<group>"; };
		494677AE1AA84A70003421F0 /* Red.png */ = {isa = PBXFileReference; lastKnownFileType = image.png; path = Red.png; sourceTree = "<group>"; };
		494677AF1AA84A70003421F0 /* yellow.png */ = {isa = PBXFileReference; lastKnownFileType = image.png; path = yellow.png; sourceTree = "<group>"; };
		494677B41AA84BEF003421F0 /* EarthQuakeSummaryMapViewController.h */ = {isa = PBXFileReference; fileEncoding = 4; lastKnownFileType = sourcecode.c.h; path = EarthQuakeSummaryMapViewController.h; sourceTree = "<group>"; };
		494677B51AA84BEF003421F0 /* EarthQuakeSummaryMapViewController.m */ = {isa = PBXFileReference; fileEncoding = 4; lastKnownFileType = sourcecode.c.objc; path = EarthQuakeSummaryMapViewController.m; sourceTree = "<group>"; };
		49AA1E1A1AA7939F006282DC /* earthquakeMonitor.app */ = {isa = PBXFileReference; explicitFileType = wrapper.application; includeInIndex = 0; path = earthquakeMonitor.app; sourceTree = BUILT_PRODUCTS_DIR; };
		49AA1E1E1AA7939F006282DC /* Info.plist */ = {isa = PBXFileReference; lastKnownFileType = text.plist.xml; path = Info.plist; sourceTree = "<group>"; };
		49AA1E1F1AA7939F006282DC /* main.m */ = {isa = PBXFileReference; lastKnownFileType = sourcecode.c.objc; path = main.m; sourceTree = "<group>"; };
		49AA1E211AA7939F006282DC /* AppDelegate.h */ = {isa = PBXFileReference; lastKnownFileType = sourcecode.c.h; path = AppDelegate.h; sourceTree = "<group>"; };
		49AA1E221AA7939F006282DC /* AppDelegate.m */ = {isa = PBXFileReference; lastKnownFileType = sourcecode.c.objc; path = AppDelegate.m; sourceTree = "<group>"; };
		49AA1E281AA7939F006282DC /* Base */ = {isa = PBXFileReference; lastKnownFileType = file.storyboard; name = Base; path = Base.lproj/Main.storyboard; sourceTree = "<group>"; };
		49AA1E2A1AA7939F006282DC /* Images.xcassets */ = {isa = PBXFileReference; lastKnownFileType = folder.assetcatalog; path = Images.xcassets; sourceTree = "<group>"; };
		49AA1E2D1AA7939F006282DC /* Base */ = {isa = PBXFileReference; lastKnownFileType = file.xib; name = Base; path = Base.lproj/LaunchScreen.xib; sourceTree = "<group>"; };
		49AA1E331AA7939F006282DC /* earthquakeMonitorTests.xctest */ = {isa = PBXFileReference; explicitFileType = wrapper.cfbundle; includeInIndex = 0; path = earthquakeMonitorTests.xctest; sourceTree = BUILT_PRODUCTS_DIR; };
		49AA1E381AA7939F006282DC /* Info.plist */ = {isa = PBXFileReference; lastKnownFileType = text.plist.xml; path = Info.plist; sourceTree = "<group>"; };
		49AA1E391AA7939F006282DC /* earthquakeMonitorTests.m */ = {isa = PBXFileReference; lastKnownFileType = sourcecode.c.objc; path = earthquakeMonitorTests.m; sourceTree = "<group>"; };
		49AA1E441AA797EC006282DC /* EarthquakeCell.h */ = {isa = PBXFileReference; fileEncoding = 4; lastKnownFileType = sourcecode.c.h; name = EarthquakeCell.h; path = Objects/EarthquakeCell.h; sourceTree = "<group>"; };
		49AA1E451AA797EC006282DC /* EarthquakeCell.m */ = {isa = PBXFileReference; fileEncoding = 4; lastKnownFileType = sourcecode.c.objc; name = EarthquakeCell.m; path = Objects/EarthquakeCell.m; sourceTree = "<group>"; };
		49AA1E471AA79930006282DC /* Eartquake.h */ = {isa = PBXFileReference; fileEncoding = 4; lastKnownFileType = sourcecode.c.h; name = Eartquake.h; path = Objects/Eartquake.h; sourceTree = "<group>"; };
		49AA1E481AA79930006282DC /* Eartquake.m */ = {isa = PBXFileReference; fileEncoding = 4; lastKnownFileType = sourcecode.c.objc; name = Eartquake.m; path = Objects/Eartquake.m; sourceTree = "<group>"; };
		49AA1E4A1AA7A6D7006282DC /* EarthquakeTableViewController.h */ = {isa = PBXFileReference; fileEncoding = 4; lastKnownFileType = sourcecode.c.h; path = EarthquakeTableViewController.h; sourceTree = "<group>"; };
		49AA1E4B1AA7A6D7006282DC /* EarthquakeTableViewController.m */ = {isa = PBXFileReference; fileEncoding = 4; lastKnownFileType = sourcecode.c.objc; path = EarthquakeTableViewController.m; sourceTree = "<group>"; };
		49CD01FD1AA82732001F3D8B /* EarthquakeDetailViewController.h */ = {isa = PBXFileReference; fileEncoding = 4; lastKnownFileType = sourcecode.c.h; path = EarthquakeDetailViewController.h; sourceTree = "<group>"; };
		49CD01FE1AA82732001F3D8B /* EarthquakeDetailViewController.m */ = {isa = PBXFileReference; fileEncoding = 4; lastKnownFileType = sourcecode.c.objc; path = EarthquakeDetailViewController.m; sourceTree = "<group>"; };
/* End PBXFileReference section */

/* Begin PBXFrameworksBuildPhase section */
		49AA1E171AA7939F006282DC /* Frameworks */ = {
			isa = PBXFrameworksBuildPhase;
			buildActionMask = 2147483647;
			files = (
				494677AA1AA83C07003421F0 /* MapKit.framework in Frameworks */,
			);
			runOnlyForDeploymentPostprocessing = 0;
		};
		49AA1E301AA7939F006282DC /* Frameworks */ = {
			isa = PBXFrameworksBuildPhase;
			buildActionMask = 2147483647;
			files = (
			);
			runOnlyForDeploymentPostprocessing = 0;
		};
/* End PBXFrameworksBuildPhase section */

/* Begin PBXGroup section */
		494677AB1AA84A60003421F0 /* Resources */ = {
			isa = PBXGroup;
			children = (
				494677AC1AA84A70003421F0 /* green.png */,
				494677AD1AA84A70003421F0 /* orange.png */,
				494677AE1AA84A70003421F0 /* Red.png */,
				494677AF1AA84A70003421F0 /* yellow.png */,
			);
			name = Resources;
			sourceTree = "<group>";
		};
		49AA1E111AA7939F006282DC = {
			isa = PBXGroup;
			children = (
				494677A91AA83C07003421F0 /* MapKit.framework */,
				49AA1E1C1AA7939F006282DC /* earthquakeMonitor */,
				49AA1E361AA7939F006282DC /* earthquakeMonitorTests */,
				49AA1E1B1AA7939F006282DC /* Products */,
			);
			sourceTree = "<group>";
		};
		49AA1E1B1AA7939F006282DC /* Products */ = {
			isa = PBXGroup;
			children = (
				49AA1E1A1AA7939F006282DC /* earthquakeMonitor.app */,
				49AA1E331AA7939F006282DC /* earthquakeMonitorTests.xctest */,
			);
			name = Products;
			sourceTree = "<group>";
		};
		49AA1E1C1AA7939F006282DC /* earthquakeMonitor */ = {
			isa = PBXGroup;
			children = (
				494677AB1AA84A60003421F0 /* Resources */,
				49AA1E431AA797AD006282DC /* Objects */,
				49CD01FD1AA82732001F3D8B /* EarthquakeDetailViewController.h */,
				49CD01FE1AA82732001F3D8B /* EarthquakeDetailViewController.m */,
				49AA1E4A1AA7A6D7006282DC /* EarthquakeTableViewController.h */,
				49AA1E4B1AA7A6D7006282DC /* EarthquakeTableViewController.m */,
				49AA1E211AA7939F006282DC /* AppDelegate.h */,
				49AA1E221AA7939F006282DC /* AppDelegate.m */,
				49AA1E271AA7939F006282DC /* Main.storyboard */,
				49AA1E2A1AA7939F006282DC /* Images.xcassets */,
				49AA1E2C1AA7939F006282DC /* LaunchScreen.xib */,
				49AA1E1D1AA7939F006282DC /* Supporting Files */,
				494677B41AA84BEF003421F0 /* EarthQuakeSummaryMapViewController.h */,
				494677B51AA84BEF003421F0 /* EarthQuakeSummaryMapViewController.m */,
			);
			path = earthquakeMonitor;
			sourceTree = "<group>";
		};
		49AA1E1D1AA7939F006282DC /* Supporting Files */ = {
			isa = PBXGroup;
			children = (
				49AA1E1E1AA7939F006282DC /* Info.plist */,
				49AA1E1F1AA7939F006282DC /* main.m */,
			);
			name = "Supporting Files";
			sourceTree = "<group>";
		};
		49AA1E361AA7939F006282DC /* earthquakeMonitorTests */ = {
			isa = PBXGroup;
			children = (
				49AA1E391AA7939F006282DC /* earthquakeMonitorTests.m */,
				49AA1E371AA7939F006282DC /* Supporting Files */,
			);
			path = earthquakeMonitorTests;
			sourceTree = "<group>";
		};
		49AA1E371AA7939F006282DC /* Supporting Files */ = {
			isa = PBXGroup;
			children = (
				49AA1E381AA7939F006282DC /* Info.plist */,
			);
			name = "Supporting Files";
			sourceTree = "<group>";
		};
		49AA1E431AA797AD006282DC /* Objects */ = {
			isa = PBXGroup;
			children = (
				49AA1E441AA797EC006282DC /* EarthquakeCell.h */,
				49AA1E451AA797EC006282DC /* EarthquakeCell.m */,
				49AA1E471AA79930006282DC /* Eartquake.h */,
				49AA1E481AA79930006282DC /* Eartquake.m */,
			);
			name = Objects;
			sourceTree = "<group>";
		};
/* End PBXGroup section */

/* Begin PBXNativeTarget section */
		49AA1E191AA7939F006282DC /* earthquakeMonitor */ = {
			isa = PBXNativeTarget;
			buildConfigurationList = 49AA1E3D1AA7939F006282DC /* Build configuration list for PBXNativeTarget "earthquakeMonitor" */;
			buildPhases = (
				49AA1E161AA7939F006282DC /* Sources */,
				49AA1E171AA7939F006282DC /* Frameworks */,
				49AA1E181AA7939F006282DC /* Resources */,
			);
			buildRules = (
			);
			dependencies = (
			);
			name = earthquakeMonitor;
			productName = earthquakeMonitor;
			productReference = 49AA1E1A1AA7939F006282DC /* earthquakeMonitor.app */;
			productType = "com.apple.product-type.application";
		};
		49AA1E321AA7939F006282DC /* earthquakeMonitorTests */ = {
			isa = PBXNativeTarget;
			buildConfigurationList = 49AA1E401AA7939F006282DC /* Build configuration list for PBXNativeTarget "earthquakeMonitorTests" */;
			buildPhases = (
				49AA1E2F1AA7939F006282DC /* Sources */,
				49AA1E301AA7939F006282DC /* Frameworks */,
				49AA1E311AA7939F006282DC /* Resources */,
			);
			buildRules = (
			);
			dependencies = (
				49AA1E351AA7939F006282DC /* PBXTargetDependency */,
			);
			name = earthquakeMonitorTests;
			productName = earthquakeMonitorTests;
			productReference = 49AA1E331AA7939F006282DC /* earthquakeMonitorTests.xctest */;
			productType = "com.apple.product-type.bundle.unit-test";
		};
/* End PBXNativeTarget section */

/* Begin PBXProject section */
		49AA1E121AA7939F006282DC /* Project object */ = {
			isa = PBXProject;
			attributes = {
				LastUpgradeCheck = 0610;
				ORGANIZATIONNAME = "Miguel Garcia Topete";
				TargetAttributes = {
					49AA1E191AA7939F006282DC = {
						CreatedOnToolsVersion = 6.1.1;
					};
					49AA1E321AA7939F006282DC = {
						CreatedOnToolsVersion = 6.1.1;
						TestTargetID = 49AA1E191AA7939F006282DC;
					};
				};
			};
			buildConfigurationList = 49AA1E151AA7939F006282DC /* Build configuration list for PBXProject "earthquakeMonitor" */;
			compatibilityVersion = "Xcode 3.2";
			developmentRegion = English;
			hasScannedForEncodings = 0;
			knownRegions = (
				en,
				Base,
			);
			mainGroup = 49AA1E111AA7939F006282DC;
			productRefGroup = 49AA1E1B1AA7939F006282DC /* Products */;
			projectDirPath = "";
			projectRoot = "";
			targets = (
				49AA1E191AA7939F006282DC /* earthquakeMonitor */,
				49AA1E321AA7939F006282DC /* earthquakeMonitorTests */,
			);
		};
/* End PBXProject section */

/* Begin PBXResourcesBuildPhase section */
		49AA1E181AA7939F006282DC /* Resources */ = {
			isa = PBXResourcesBuildPhase;
			buildActionMask = 2147483647;
			files = (
				49AA1E291AA7939F006282DC /* Main.storyboard in Resources */,
				494677B01AA84A70003421F0 /* green.png in Resources */,
				49AA1E2E1AA7939F006282DC /* LaunchScreen.xib in Resources */,
				494677B21AA84A70003421F0 /* Red.png in Resources */,
				494677B11AA84A70003421F0 /* orange.png in Resources */,
				49AA1E2B1AA7939F006282DC /* Images.xcassets in Resources */,
				494677B31AA84A70003421F0 /* yellow.png in Resources */,
			);
			runOnlyForDeploymentPostprocessing = 0;
		};
		49AA1E311AA7939F006282DC /* Resources */ = {
			isa = PBXResourcesBuildPhase;
			buildActionMask = 2147483647;
			files = (
			);
			runOnlyForDeploymentPostprocessing = 0;
		};
/* End PBXResourcesBuildPhase section */

/* Begin PBXSourcesBuildPhase section */
		49AA1E161AA7939F006282DC /* Sources */ = {
			isa = PBXSourcesBuildPhase;
			buildActionMask = 2147483647;
			files = (
				49AA1E231AA7939F006282DC /* AppDelegate.m in Sources */,
				49AA1E461AA797EC006282DC /* EarthquakeCell.m in Sources */,
				494677B61AA84BEF003421F0 /* EarthQuakeSummaryMapViewController.m in Sources */,
				49AA1E491AA79930006282DC /* Eartquake.m in Sources */,
				49AA1E201AA7939F006282DC /* main.m in Sources */,
				49CD01FF1AA82732001F3D8B /* EarthquakeDetailViewController.m in Sources */,
				49AA1E4C1AA7A6D7006282DC /* EarthquakeTableViewController.m in Sources */,
			);
			runOnlyForDeploymentPostprocessing = 0;
		};
		49AA1E2F1AA7939F006282DC /* Sources */ = {
			isa = PBXSourcesBuildPhase;
			buildActionMask = 2147483647;
			files = (
				49AA1E3A1AA7939F006282DC /* earthquakeMonitorTests.m in Sources */,
			);
			runOnlyForDeploymentPostprocessing = 0;
		};
/* End PBXSourcesBuildPhase section */

/* Begin PBXTargetDependency section */
		49AA1E351AA7939F006282DC /* PBXTargetDependency */ = {
			isa = PBXTargetDependency;
			target = 49AA1E191AA7939F006282DC /* earthquakeMonitor */;
			targetProxy = 49AA1E341AA7939F006282DC /* PBXContainerItemProxy */;
		};
/* End PBXTargetDependency section */

/* Begin PBXVariantGroup section */
		49AA1E271AA7939F006282DC /* Main.storyboard */ = {
			isa = PBXVariantGroup;
			children = (
				49AA1E281AA7939F006282DC /* Base */,
			);
			name = Main.storyboard;
			sourceTree = "<group>";
		};
		49AA1E2C1AA7939F006282DC /* LaunchScreen.xib */ = {
			isa = PBXVariantGroup;
			children = (
				49AA1E2D1AA7939F006282DC /* Base */,
			);
			name = LaunchScreen.xib;
			sourceTree = "<group>";
		};
/* End PBXVariantGroup section */

/* Begin XCBuildConfiguration section */
		49AA1E3B1AA7939F006282DC /* Debug */ = {
			isa = XCBuildConfiguration;
			buildSettings = {
				ALWAYS_SEARCH_USER_PATHS = NO;
				CLANG_CXX_LANGUAGE_STANDARD = "gnu++0x";
				CLANG_CXX_LIBRARY = "libc++";
				CLANG_ENABLE_MODULES = YES;
				CLANG_ENABLE_OBJC_ARC = YES;
				CLANG_WARN_BOOL_CONVERSION = YES;
				CLANG_WARN_CONSTANT_CONVERSION = YES;
				CLANG_WARN_DIRECT_OBJC_ISA_USAGE = YES_ERROR;
				CLANG_WARN_EMPTY_BODY = YES;
				CLANG_WARN_ENUM_CONVERSION = YES;
				CLANG_WARN_INT_CONVERSION = YES;
				CLANG_WARN_OBJC_ROOT_CLASS = YES_ERROR;
				CLANG_WARN_UNREACHABLE_CODE = YES;
				CLANG_WARN__DUPLICATE_METHOD_MATCH = YES;
				"CODE_SIGN_IDENTITY[sdk=iphoneos*]" = "iPhone Developer";
				COPY_PHASE_STRIP = NO;
				ENABLE_STRICT_OBJC_MSGSEND = YES;
				GCC_C_LANGUAGE_STANDARD = gnu99;
				GCC_DYNAMIC_NO_PIC = NO;
				GCC_OPTIMIZATION_LEVEL = 0;
				GCC_PREPROCESSOR_DEFINITIONS = (
					"DEBUG=1",
					"$(inherited)",
				);
				GCC_SYMBOLS_PRIVATE_EXTERN = NO;
				GCC_WARN_64_TO_32_BIT_CONVERSION = YES;
				GCC_WARN_ABOUT_RETURN_TYPE = YES_ERROR;
				GCC_WARN_UNDECLARED_SELECTOR = YES;
				GCC_WARN_UNINITIALIZED_AUTOS = YES_AGGRESSIVE;
				GCC_WARN_UNUSED_FUNCTION = YES;
				GCC_WARN_UNUSED_VARIABLE = YES;
				IPHONEOS_DEPLOYMENT_TARGET = 8.1;
				MTL_ENABLE_DEBUG_INFO = YES;
				ONLY_ACTIVE_ARCH = YES;
				SDKROOT = iphoneos;
			};
			name = Debug;
		};
		49AA1E3C1AA7939F006282DC /* Release */ = {
			isa = XCBuildConfiguration;
			buildSettings = {
				ALWAYS_SEARCH_USER_PATHS = NO;
				CLANG_CXX_LANGUAGE_STANDARD = "gnu++0x";
				CLANG_CXX_LIBRARY = "libc++";
				CLANG_ENABLE_MODULES = YES;
				CLANG_ENABLE_OBJC_ARC = YES;
				CLANG_WARN_BOOL_CONVERSION = YES;
				CLANG_WARN_CONSTANT_CONVERSION = YES;
				CLANG_WARN_DIRECT_OBJC_ISA_USAGE = YES_ERROR;
				CLANG_WARN_EMPTY_BODY = YES;
				CLANG_WARN_ENUM_CONVERSION = YES;
				CLANG_WARN_INT_CONVERSION = YES;
				CLANG_WARN_OBJC_ROOT_CLASS = YES_ERROR;
				CLANG_WARN_UNREACHABLE_CODE = YES;
				CLANG_WARN__DUPLICATE_METHOD_MATCH = YES;
				"CODE_SIGN_IDENTITY[sdk=iphoneos*]" = "iPhone Developer";
				COPY_PHASE_STRIP = YES;
				ENABLE_NS_ASSERTIONS = NO;
				ENABLE_STRICT_OBJC_MSGSEND = YES;
				GCC_C_LANGUAGE_STANDARD = gnu99;
				GCC_WARN_64_TO_32_BIT_CONVERSION = YES;
				GCC_WARN_ABOUT_RETURN_TYPE = YES_ERROR;
				GCC_WARN_UNDECLARED_SELECTOR = YES;
				GCC_WARN_UNINITIALIZED_AUTOS = YES_AGGRESSIVE;
				GCC_WARN_UNUSED_FUNCTION = YES;
				GCC_WARN_UNUSED_VARIABLE = YES;
				IPHONEOS_DEPLOYMENT_TARGET = 8.1;
				MTL_ENABLE_DEBUG_INFO = NO;
				SDKROOT = iphoneos;
				VALIDATE_PRODUCT = YES;
			};
			name = Release;
		};
		49AA1E3E1AA7939F006282DC /* Debug */ = {
			isa = XCBuildConfiguration;
			buildSettings = {
				ASSETCATALOG_COMPILER_APPICON_NAME = AppIcon;
				INFOPLIST_FILE = earthquakeMonitor/Info.plist;
				LD_RUNPATH_SEARCH_PATHS = "$(inherited) @executable_path/Frameworks";
				PRODUCT_NAME = "$(TARGET_NAME)";
			};
			name = Debug;
		};
		49AA1E3F1AA7939F006282DC /* Release */ = {
			isa = XCBuildConfiguration;
			buildSettings = {
				ASSETCATALOG_COMPILER_APPICON_NAME = AppIcon;
				INFOPLIST_FILE = earthquakeMonitor/Info.plist;
				LD_RUNPATH_SEARCH_PATHS = "$(inherited) @executable_path/Frameworks";
				PRODUCT_NAME = "$(TARGET_NAME)";
			};
			name = Release;
		};
		49AA1E411AA7939F006282DC /* Debug */ = {
			isa = XCBuildConfiguration;
			buildSettings = {
				BUNDLE_LOADER = "$(TEST_HOST)";
				FRAMEWORK_SEARCH_PATHS = (
					"$(SDKROOT)/Developer/Library/Frameworks",
					"$(inherited)",
				);
				GCC_PREPROCESSOR_DEFINITIONS = (
					"DEBUG=1",
					"$(inherited)",
				);
				INFOPLIST_FILE = earthquakeMonitorTests/Info.plist;
				LD_RUNPATH_SEARCH_PATHS = "$(inherited) @executable_path/Frameworks @loader_path/Frameworks";
				PRODUCT_NAME = "$(TARGET_NAME)";
				TEST_HOST = "$(BUILT_PRODUCTS_DIR)/earthquakeMonitor.app/earthquakeMonitor";
			};
			name = Debug;
		};
		49AA1E421AA7939F006282DC /* Release */ = {
			isa = XCBuildConfiguration;
			buildSettings = {
				BUNDLE_LOADER = "$(TEST_HOST)";
				FRAMEWORK_SEARCH_PATHS = (
					"$(SDKROOT)/Developer/Library/Frameworks",
					"$(inherited)",
				);
				INFOPLIST_FILE = earthquakeMonitorTests/Info.plist;
				LD_RUNPATH_SEARCH_PATHS = "$(inherited) @executable_path/Frameworks @loader_path/Frameworks";
				PRODUCT_NAME = "$(TARGET_NAME)";
				TEST_HOST = "$(BUILT_PRODUCTS_DIR)/earthquakeMonitor.app/earthquakeMonitor";
			};
			name = Release;
		};
/* End XCBuildConfiguration section */

/* Begin XCConfigurationList section */
		49AA1E151AA7939F006282DC /* Build configuration list for PBXProject "earthquakeMonitor" */ = {
			isa = XCConfigurationList;
			buildConfigurations = (
				49AA1E3B1AA7939F006282DC /* Debug */,
				49AA1E3C1AA7939F006282DC /* Release */,
			);
			defaultConfigurationIsVisible = 0;
			defaultConfigurationName = Release;
		};
		49AA1E3D1AA7939F006282DC /* Build configuration list for PBXNativeTarget "earthquakeMonitor" */ = {
			isa = XCConfigurationList;
			buildConfigurations = (
				49AA1E3E1AA7939F006282DC /* Debug */,
				49AA1E3F1AA7939F006282DC /* Release */,
			);
			defaultConfigurationIsVisible = 0;
			defaultConfigurationName = Release;
		};
		49AA1E401AA7939F006282DC /* Build configuration list for PBXNativeTarget "earthquakeMonitorTests" */ = {
			isa = XCConfigurationList;
			buildConfigurations = (
				49AA1E411AA7939F006282DC /* Debug */,
				49AA1E421AA7939F006282DC /* Release */,
			);
			defaultConfigurationIsVisible = 0;
			defaultConfigurationName = Release;
		};
/* End XCConfigurationList section */
	};
	rootObject = 49AA1E121AA7939F006282DC /* Project object */;
}
